// !$*UTF8*$!
{
	archiveVersion = 1;
	classes = {
	};
	objectVersion = 46;
	objects = {

/* Begin PBXBuildFile section */
		B237E0111958CA0A005F20C8 /* WelcomeScreenController.swift in Sources */ = {isa = PBXBuildFile; fileRef = B237E0101958CA0A005F20C8 /* WelcomeScreenController.swift */; };
		B237E0171958D018005F20C8 /* ColorController.swift in Sources */ = {isa = PBXBuildFile; fileRef = B237E0161958D018005F20C8 /* ColorController.swift */; };
		B27ED1BB195B3BF9005A2C13 /* CollectionViewController.swift in Sources */ = {isa = PBXBuildFile; fileRef = B27ED1BA195B3BF9005A2C13 /* CollectionViewController.swift */; };
		B2C914221959F976001D1BC6 /* TestingFile.swift in Sources */ = {isa = PBXBuildFile; fileRef = B2C914211959F976001D1BC6 /* TestingFile.swift */; };
		B2CE81961959E5A500FB4D97 /* ButtonController.swift in Sources */ = {isa = PBXBuildFile; fileRef = B2CE81951959E5A500FB4D97 /* ButtonController.swift */; };
		B2EAB33F1958A74B007CB3A5 /* AppDelegate.swift in Sources */ = {isa = PBXBuildFile; fileRef = B2EAB33E1958A74B007CB3A5 /* AppDelegate.swift */; };
		B2EAB3411958A74B007CB3A5 /* RootViewController.swift in Sources */ = {isa = PBXBuildFile; fileRef = B2EAB3401958A74B007CB3A5 /* RootViewController.swift */; };
		B2EAB3431958A74B007CB3A5 /* DataViewController.swift in Sources */ = {isa = PBXBuildFile; fileRef = B2EAB3421958A74B007CB3A5 /* DataViewController.swift */; };
		B2EAB3451958A74B007CB3A5 /* ModelController.swift in Sources */ = {isa = PBXBuildFile; fileRef = B2EAB3441958A74B007CB3A5 /* ModelController.swift */; };
		B2EAB3481958A74B007CB3A5 /* Main.storyboard in Resources */ = {isa = PBXBuildFile; fileRef = B2EAB3461958A74B007CB3A5 /* Main.storyboard */; };
		B2EAB34A1958A74B007CB3A5 /* Images.xcassets in Resources */ = {isa = PBXBuildFile; fileRef = B2EAB3491958A74B007CB3A5 /* Images.xcassets */; };
		B2EAB3561958A74B007CB3A5 /* ColorWheelTests.swift in Sources */ = {isa = PBXBuildFile; fileRef = B2EAB3551958A74B007CB3A5 /* ColorWheelTests.swift */; };
		B2EAB3611958A825007CB3A5 /* Color.swift in Sources */ = {isa = PBXBuildFile; fileRef = B2EAB3601958A825007CB3A5 /* Color.swift */; };
/* End PBXBuildFile section */

/* Begin PBXContainerItemProxy section */
		B2EAB3501958A74B007CB3A5 /* PBXContainerItemProxy */ = {
			isa = PBXContainerItemProxy;
			containerPortal = B2EAB3311958A74B007CB3A5 /* Project object */;
			proxyType = 1;
			remoteGlobalIDString = B2EAB3381958A74B007CB3A5;
			remoteInfo = ColorWheel;
		};
/* End PBXContainerItemProxy section */

/* Begin PBXFileReference section */
		B237E0101958CA0A005F20C8 /* WelcomeScreenController.swift */ = {isa = PBXFileReference; fileEncoding = 4; lastKnownFileType = sourcecode.swift; path = WelcomeScreenController.swift; sourceTree = "<group>"; };
		B237E0161958D018005F20C8 /* ColorController.swift */ = {isa = PBXFileReference; fileEncoding = 4; lastKnownFileType = sourcecode.swift; name = ColorController.swift; path = ../ColorController.swift; sourceTree = "<group>"; };
		B27ED1BA195B3BF9005A2C13 /* CollectionViewController.swift */ = {isa = PBXFileReference; fileEncoding = 4; lastKnownFileType = sourcecode.swift; path = CollectionViewController.swift; sourceTree = "<group>"; };
		B2C914211959F976001D1BC6 /* TestingFile.swift */ = {isa = PBXFileReference; fileEncoding = 4; lastKnownFileType = sourcecode.swift; path = TestingFile.swift; sourceTree = "<group>"; };
		B2CE81951959E5A500FB4D97 /* ButtonController.swift */ = {isa = PBXFileReference; fileEncoding = 4; lastKnownFileType = sourcecode.swift; path = ButtonController.swift; sourceTree = "<group>"; };
		B2EAB3391958A74B007CB3A5 /* ColorWheel.app */ = {isa = PBXFileReference; explicitFileType = wrapper.application; includeInIndex = 0; path = ColorWheel.app; sourceTree = BUILT_PRODUCTS_DIR; };
		B2EAB33D1958A74B007CB3A5 /* Info.plist */ = {isa = PBXFileReference; lastKnownFileType = text.plist.xml; path = Info.plist; sourceTree = "<group>"; };
		B2EAB33E1958A74B007CB3A5 /* AppDelegate.swift */ = {isa = PBXFileReference; lastKnownFileType = sourcecode.swift; path = AppDelegate.swift; sourceTree = "<group>"; };
		B2EAB3401958A74B007CB3A5 /* RootViewController.swift */ = {isa = PBXFileReference; lastKnownFileType = sourcecode.swift; path = RootViewController.swift; sourceTree = "<group>"; };
		B2EAB3421958A74B007CB3A5 /* DataViewController.swift */ = {isa = PBXFileReference; lastKnownFileType = sourcecode.swift; path = DataViewController.swift; sourceTree = "<group>"; };
		B2EAB3441958A74B007CB3A5 /* ModelController.swift */ = {isa = PBXFileReference; lastKnownFileType = sourcecode.swift; path = ModelController.swift; sourceTree = "<group>"; };
		B2EAB3471958A74B007CB3A5 /* Base */ = {isa = PBXFileReference; lastKnownFileType = file.storyboard; name = Base; path = Base.lproj/Main.storyboard; sourceTree = "<group>"; };
		B2EAB3491958A74B007CB3A5 /* Images.xcassets */ = {isa = PBXFileReference; lastKnownFileType = folder.assetcatalog; path = Images.xcassets; sourceTree = "<group>"; };
		B2EAB34F1958A74B007CB3A5 /* ColorWheelTests.xctest */ = {isa = PBXFileReference; explicitFileType = wrapper.cfbundle; includeInIndex = 0; path = ColorWheelTests.xctest; sourceTree = BUILT_PRODUCTS_DIR; };
		B2EAB3541958A74B007CB3A5 /* Info.plist */ = {isa = PBXFileReference; lastKnownFileType = text.plist.xml; path = Info.plist; sourceTree = "<group>"; };
		B2EAB3551958A74B007CB3A5 /* ColorWheelTests.swift */ = {isa = PBXFileReference; lastKnownFileType = sourcecode.swift; path = ColorWheelTests.swift; sourceTree = "<group>"; };
		B2EAB3601958A825007CB3A5 /* Color.swift */ = {isa = PBXFileReference; fileEncoding = 4; lastKnownFileType = sourcecode.swift; path = Color.swift; sourceTree = "<group>"; };
/* End PBXFileReference section */

/* Begin PBXFrameworksBuildPhase section */
		B2EAB3361958A74B007CB3A5 /* Frameworks */ = {
			isa = PBXFrameworksBuildPhase;
			buildActionMask = 2147483647;
			files = (
			);
			runOnlyForDeploymentPostprocessing = 0;
		};
		B2EAB34C1958A74B007CB3A5 /* Frameworks */ = {
			isa = PBXFrameworksBuildPhase;
			buildActionMask = 2147483647;
			files = (
			);
			runOnlyForDeploymentPostprocessing = 0;
		};
/* End PBXFrameworksBuildPhase section */

/* Begin PBXGroup section */
		B2EAB3301958A74B007CB3A5 = {
			isa = PBXGroup;
			children = (
				B2EAB35F1958A816007CB3A5 /* Models */,
				B2EAB33B1958A74B007CB3A5 /* ColorWheel */,
				B2EAB3521958A74B007CB3A5 /* ColorWheelTests */,
				B2EAB33A1958A74B007CB3A5 /* Products */,
			);
			sourceTree = "<group>";
		};
		B2EAB33A1958A74B007CB3A5 /* Products */ = {
			isa = PBXGroup;
			children = (
				B2EAB3391958A74B007CB3A5 /* ColorWheel.app */,
				B2EAB34F1958A74B007CB3A5 /* ColorWheelTests.xctest */,
			);
			name = Products;
			sourceTree = "<group>";
		};
		B2EAB33B1958A74B007CB3A5 /* ColorWheel */ = {
			isa = PBXGroup;
			children = (
				B2EAB33E1958A74B007CB3A5 /* AppDelegate.swift */,
				B2EAB3401958A74B007CB3A5 /* RootViewController.swift */,
				B2EAB3421958A74B007CB3A5 /* DataViewController.swift */,
				B2EAB3441958A74B007CB3A5 /* ModelController.swift */,
				B2EAB3461958A74B007CB3A5 /* Main.storyboard */,
				B27ED1BA195B3BF9005A2C13 /* CollectionViewController.swift */,
				B2C914211959F976001D1BC6 /* TestingFile.swift */,
				B237E0161958D018005F20C8 /* ColorController.swift */,
				B2CE81951959E5A500FB4D97 /* ButtonController.swift */,
				B237E0101958CA0A005F20C8 /* WelcomeScreenController.swift */,
				B2EAB3491958A74B007CB3A5 /* Images.xcassets */,
				B2EAB33C1958A74B007CB3A5 /* Supporting Files */,
			);
			path = ColorWheel;
			sourceTree = "<group>";
		};
		B2EAB33C1958A74B007CB3A5 /* Supporting Files */ = {
			isa = PBXGroup;
			children = (
				B2EAB33D1958A74B007CB3A5 /* Info.plist */,
			);
			name = "Supporting Files";
			sourceTree = "<group>";
		};
		B2EAB3521958A74B007CB3A5 /* ColorWheelTests */ = {
			isa = PBXGroup;
			children = (
				B2EAB3551958A74B007CB3A5 /* ColorWheelTests.swift */,
				B2EAB3531958A74B007CB3A5 /* Supporting Files */,
			);
			path = ColorWheelTests;
			sourceTree = "<group>";
		};
		B2EAB3531958A74B007CB3A5 /* Supporting Files */ = {
			isa = PBXGroup;
			children = (
				B2EAB3541958A74B007CB3A5 /* Info.plist */,
			);
			name = "Supporting Files";
			sourceTree = "<group>";
		};
		B2EAB35F1958A816007CB3A5 /* Models */ = {
			isa = PBXGroup;
			children = (
				B2EAB3601958A825007CB3A5 /* Color.swift */,
			);
			name = Models;
			sourceTree = "<group>";
		};
/* End PBXGroup section */

/* Begin PBXNativeTarget section */
		B2EAB3381958A74B007CB3A5 /* ColorWheel */ = {
			isa = PBXNativeTarget;
			buildConfigurationList = B2EAB3591958A74B007CB3A5 /* Build configuration list for PBXNativeTarget "ColorWheel" */;
			buildPhases = (
				B2EAB3351958A74B007CB3A5 /* Sources */,
				B2EAB3361958A74B007CB3A5 /* Frameworks */,
				B2EAB3371958A74B007CB3A5 /* Resources */,
			);
			buildRules = (
			);
			dependencies = (
			);
			name = ColorWheel;
			productName = ColorWheel;
			productReference = B2EAB3391958A74B007CB3A5 /* ColorWheel.app */;
			productType = "com.apple.product-type.application";
		};
		B2EAB34E1958A74B007CB3A5 /* ColorWheelTests */ = {
			isa = PBXNativeTarget;
			buildConfigurationList = B2EAB35C1958A74B007CB3A5 /* Build configuration list for PBXNativeTarget "ColorWheelTests" */;
			buildPhases = (
				B2EAB34B1958A74B007CB3A5 /* Sources */,
				B2EAB34C1958A74B007CB3A5 /* Frameworks */,
				B2EAB34D1958A74B007CB3A5 /* Resources */,
			);
			buildRules = (
			);
			dependencies = (
				B2EAB3511958A74B007CB3A5 /* PBXTargetDependency */,
			);
			name = ColorWheelTests;
			productName = ColorWheelTests;
			productReference = B2EAB34F1958A74B007CB3A5 /* ColorWheelTests.xctest */;
			productType = "com.apple.product-type.bundle.unit-test";
		};
/* End PBXNativeTarget section */

/* Begin PBXProject section */
		B2EAB3311958A74B007CB3A5 /* Project object */ = {
			isa = PBXProject;
			attributes = {
				LastUpgradeCheck = 0600;
				ORGANIZATIONNAME = "Grace Kendall";
				TargetAttributes = {
					B2EAB3381958A74B007CB3A5 = {
						CreatedOnToolsVersion = 6.0;
					};
					B2EAB34E1958A74B007CB3A5 = {
						CreatedOnToolsVersion = 6.0;
						TestTargetID = B2EAB3381958A74B007CB3A5;
					};
				};
			};
			buildConfigurationList = B2EAB3341958A74B007CB3A5 /* Build configuration list for PBXProject "ColorWheel" */;
			compatibilityVersion = "Xcode 3.2";
			developmentRegion = English;
			hasScannedForEncodings = 0;
			knownRegions = (
				en,
				Base,
			);
			mainGroup = B2EAB3301958A74B007CB3A5;
			productRefGroup = B2EAB33A1958A74B007CB3A5 /* Products */;
			projectDirPath = "";
			projectRoot = "";
			targets = (
				B2EAB3381958A74B007CB3A5 /* ColorWheel */,
				B2EAB34E1958A74B007CB3A5 /* ColorWheelTests */,
			);
		};
/* End PBXProject section */

/* Begin PBXResourcesBuildPhase section */
		B2EAB3371958A74B007CB3A5 /* Resources */ = {
			isa = PBXResourcesBuildPhase;
			buildActionMask = 2147483647;
			files = (
				B2EAB3481958A74B007CB3A5 /* Main.storyboard in Resources */,
				B2EAB34A1958A74B007CB3A5 /* Images.xcassets in Resources */,
			);
			runOnlyForDeploymentPostprocessing = 0;
		};
		B2EAB34D1958A74B007CB3A5 /* Resources */ = {
			isa = PBXResourcesBuildPhase;
			buildActionMask = 2147483647;
			files = (
			);
			runOnlyForDeploymentPostprocessing = 0;
		};
/* End PBXResourcesBuildPhase section */

/* Begin PBXSourcesBuildPhase section */
		B2EAB3351958A74B007CB3A5 /* Sources */ = {
			isa = PBXSourcesBuildPhase;
			buildActionMask = 2147483647;
			files = (
				B2EAB3411958A74B007CB3A5 /* RootViewController.swift in Sources */,
				B2CE81961959E5A500FB4D97 /* ButtonController.swift in Sources */,
				B2EAB3451958A74B007CB3A5 /* ModelController.swift in Sources */,
				B2EAB3431958A74B007CB3A5 /* DataViewController.swift in Sources */,
				B27ED1BB195B3BF9005A2C13 /* CollectionViewController.swift in Sources */,
				B2C914221959F976001D1BC6 /* TestingFile.swift in Sources */,
				B237E0171958D018005F20C8 /* ColorController.swift in Sources */,
				B2EAB3611958A825007CB3A5 /* Color.swift in Sources */,
				B237E0111958CA0A005F20C8 /* WelcomeScreenController.swift in Sources */,
				B2EAB33F1958A74B007CB3A5 /* AppDelegate.swift in Sources */,
			);
			runOnlyForDeploymentPostprocessing = 0;
		};
		B2EAB34B1958A74B007CB3A5 /* Sources */ = {
			isa = PBXSourcesBuildPhase;
			buildActionMask = 2147483647;
			files = (
				B2EAB3561958A74B007CB3A5 /* ColorWheelTests.swift in Sources */,
			);
			runOnlyForDeploymentPostprocessing = 0;
		};
/* End PBXSourcesBuildPhase section */

/* Begin PBXTargetDependency section */
		B2EAB3511958A74B007CB3A5 /* PBXTargetDependency */ = {
			isa = PBXTargetDependency;
			target = B2EAB3381958A74B007CB3A5 /* ColorWheel */;
			targetProxy = B2EAB3501958A74B007CB3A5 /* PBXContainerItemProxy */;
		};
/* End PBXTargetDependency section */

/* Begin PBXVariantGroup section */
		B2EAB3461958A74B007CB3A5 /* Main.storyboard */ = {
			isa = PBXVariantGroup;
			children = (
				B2EAB3471958A74B007CB3A5 /* Base */,
			);
			name = Main.storyboard;
			sourceTree = "<group>";
		};
/* End PBXVariantGroup section */

/* Begin XCBuildConfiguration section */
		B2EAB3571958A74B007CB3A5 /* Debug */ = {
			isa = XCBuildConfiguration;
			buildSettings = {
				ALWAYS_SEARCH_USER_PATHS = NO;
				CLANG_CXX_LANGUAGE_STANDARD = "gnu++0x";
				CLANG_CXX_LIBRARY = "libc++";
				CLANG_ENABLE_MODULES = YES;
				CLANG_ENABLE_OBJC_ARC = YES;
				CLANG_WARN_BOOL_CONVERSION = YES;
				CLANG_WARN_CONSTANT_CONVERSION = YES;
				CLANG_WARN_DIRECT_OBJC_ISA_USAGE = YES_ERROR;
				CLANG_WARN_EMPTY_BODY = YES;
				CLANG_WARN_ENUM_CONVERSION = YES;
				CLANG_WARN_INT_CONVERSION = YES;
				CLANG_WARN_OBJC_ROOT_CLASS = YES_ERROR;
				CLANG_WARN_UNREACHABLE_CODE = YES;
				CLANG_WARN__DUPLICATE_METHOD_MATCH = YES;
				"CODE_SIGN_IDENTITY[sdk=iphoneos*]" = "iPhone Developer";
				COPY_PHASE_STRIP = NO;
				ENABLE_STRICT_OBJC_MSGSEND = YES;
				GCC_C_LANGUAGE_STANDARD = gnu99;
				GCC_DYNAMIC_NO_PIC = NO;
				GCC_OPTIMIZATION_LEVEL = 0;
				GCC_PREPROCESSOR_DEFINITIONS = (
					"DEBUG=1",
					"$(inherited)",
				);
				GCC_SYMBOLS_PRIVATE_EXTERN = NO;
				GCC_WARN_64_TO_32_BIT_CONVERSION = YES;
				GCC_WARN_ABOUT_RETURN_TYPE = YES_ERROR;
				GCC_WARN_UNDECLARED_SELECTOR = YES;
				GCC_WARN_UNINITIALIZED_AUTOS = YES_AGGRESSIVE;
				GCC_WARN_UNUSED_FUNCTION = YES;
				GCC_WARN_UNUSED_VARIABLE = YES;
				IPHONEOS_DEPLOYMENT_TARGET = 8.0;
				METAL_ENABLE_DEBUG_INFO = YES;
				ONLY_ACTIVE_ARCH = YES;
				SDKROOT = iphoneos;
				SWIFT_OPTIMIZATION_LEVEL = "-Onone";
			};
			name = Debug;
		};
		B2EAB3581958A74B007CB3A5 /* Release */ = {
			isa = XCBuildConfiguration;
			buildSettings = {
				ALWAYS_SEARCH_USER_PATHS = NO;
				CLANG_CXX_LANGUAGE_STANDARD = "gnu++0x";
				CLANG_CXX_LIBRARY = "libc++";
				CLANG_ENABLE_MODULES = YES;
				CLANG_ENABLE_OBJC_ARC = YES;
				CLANG_WARN_BOOL_CONVERSION = YES;
				CLANG_WARN_CONSTANT_CONVERSION = YES;
				CLANG_WARN_DIRECT_OBJC_ISA_USAGE = YES_ERROR;
				CLANG_WARN_EMPTY_BODY = YES;
				CLANG_WARN_ENUM_CONVERSION = YES;
				CLANG_WARN_INT_CONVERSION = YES;
				CLANG_WARN_OBJC_ROOT_CLASS = YES_ERROR;
				CLANG_WARN_UNREACHABLE_CODE = YES;
				CLANG_WARN__DUPLICATE_METHOD_MATCH = YES;
				"CODE_SIGN_IDENTITY[sdk=iphoneos*]" = "iPhone Developer";
				COPY_PHASE_STRIP = YES;
				ENABLE_NS_ASSERTIONS = NO;
				ENABLE_STRICT_OBJC_MSGSEND = YES;
				GCC_C_LANGUAGE_STANDARD = gnu99;
				GCC_WARN_64_TO_32_BIT_CONVERSION = YES;
				GCC_WARN_ABOUT_RETURN_TYPE = YES_ERROR;
				GCC_WARN_UNDECLARED_SELECTOR = YES;
				GCC_WARN_UNINITIALIZED_AUTOS = YES_AGGRESSIVE;
				GCC_WARN_UNUSED_FUNCTION = YES;
				GCC_WARN_UNUSED_VARIABLE = YES;
				IPHONEOS_DEPLOYMENT_TARGET = 8.0;
				METAL_ENABLE_DEBUG_INFO = NO;
				SDKROOT = iphoneos;
				VALIDATE_PRODUCT = YES;
			};
			name = Release;
		};
		B2EAB35A1958A74B007CB3A5 /* Debug */ = {
			isa = XCBuildConfiguration;
			buildSettings = {
				ASSETCATALOG_COMPILER_APPICON_NAME = AppIcon;
				ASSETCATALOG_COMPILER_LAUNCHIMAGE_NAME = LaunchImage;
				INFOPLIST_FILE = ColorWheel/Info.plist;
				LD_RUNPATH_SEARCH_PATHS = "$(inherited) @executable_path/Frameworks";
				PRODUCT_NAME = "$(TARGET_NAME)";
			};
			name = Debug;
		};
		B2EAB35B1958A74B007CB3A5 /* Release */ = {
			isa = XCBuildConfiguration;
			buildSettings = {
				ASSETCATALOG_COMPILER_APPICON_NAME = AppIcon;
				ASSETCATALOG_COMPILER_LAUNCHIMAGE_NAME = LaunchImage;
				INFOPLIST_FILE = ColorWheel/Info.plist;
				LD_RUNPATH_SEARCH_PATHS = "$(inherited) @executable_path/Frameworks";
				PRODUCT_NAME = "$(TARGET_NAME)";
			};
			name = Release;
		};
		B2EAB35D1958A74B007CB3A5 /* Debug */ = {
			isa = XCBuildConfiguration;
			buildSettings = {
				BUNDLE_LOADER = "$(BUILT_PRODUCTS_DIR)/ColorWheel.app/ColorWheel";
				FRAMEWORK_SEARCH_PATHS = (
					"$(SDKROOT)/Developer/Library/Frameworks",
					"$(inherited)",
				);
				GCC_PREPROCESSOR_DEFINITIONS = (
					"DEBUG=1",
					"$(inherited)",
				);
				INFOPLIST_FILE = ColorWheelTests/Info.plist;
				LD_RUNPATH_SEARCH_PATHS = "$(inherited) @executable_path/Frameworks @loader_path/Frameworks";
				METAL_ENABLE_DEBUG_INFO = YES;
				PRODUCT_NAME = "$(TARGET_NAME)";
				TEST_HOST = "$(BUNDLE_LOADER)";
			};
			name = Debug;
		};
		B2EAB35E1958A74B007CB3A5 /* Release */ = {
			isa = XCBuildConfiguration;
			buildSettings = {
				BUNDLE_LOADER = "$(BUILT_PRODUCTS_DIR)/ColorWheel.app/ColorWheel";
				FRAMEWORK_SEARCH_PATHS = (
					"$(SDKROOT)/Developer/Library/Frameworks",
					"$(inherited)",
				);
				INFOPLIST_FILE = ColorWheelTests/Info.plist;
				LD_RUNPATH_SEARCH_PATHS = "$(inherited) @executable_path/Frameworks @loader_path/Frameworks";
				METAL_ENABLE_DEBUG_INFO = NO;
				PRODUCT_NAME = "$(TARGET_NAME)";
				TEST_HOST = "$(BUNDLE_LOADER)";
			};
			name = Release;
		};
/* End XCBuildConfiguration section */

/* Begin XCConfigurationList section */
		B2EAB3341958A74B007CB3A5 /* Build configuration list for PBXProject "ColorWheel" */ = {
			isa = XCConfigurationList;
			buildConfigurations = (
				B2EAB3571958A74B007CB3A5 /* Debug */,
				B2EAB3581958A74B007CB3A5 /* Release */,
			);
			defaultConfigurationIsVisible = 0;
			defaultConfigurationName = Release;
		};
		B2EAB3591958A74B007CB3A5 /* Build configuration list for PBXNativeTarget "ColorWheel" */ = {
			isa = XCConfigurationList;
			buildConfigurations = (
				B2EAB35A1958A74B007CB3A5 /* Debug */,
				B2EAB35B1958A74B007CB3A5 /* Release */,
			);
			defaultConfigurationIsVisible = 0;
			defaultConfigurationName = Release;
		};
		B2EAB35C1958A74B007CB3A5 /* Build configuration list for PBXNativeTarget "ColorWheelTests" */ = {
			isa = XCConfigurationList;
			buildConfigurations = (
				B2EAB35D1958A74B007CB3A5 /* Debug */,
				B2EAB35E1958A74B007CB3A5 /* Release */,
			);
			defaultConfigurationIsVisible = 0;
			defaultConfigurationName = Release;
		};
/* End XCConfigurationList section */
	};
	rootObject = B2EAB3311958A74B007CB3A5 /* Project object */;
}
